schema: '2.0'
stages:
  fetch_raw:
    cmd: uv run aichemy fetch-raw --config configs/default.yaml
    deps:
    - path: configs/default.yaml
      hash: md5
      md5: a61073fe388097782d898a67fb458bde
      size: 358
    - path: src/aichemy/cli.py
      hash: md5
      md5: dbe22f202318f15d55ebcb9cdf277103
      size: 14631
    outs:
    - path: data/raw/metanetx
      hash: md5
      md5: d751713988987e9331980363e24189ce.dir
      size: 0
      nfiles: 0
    - path: data/raw/uspto
      hash: md5
      md5: d751713988987e9331980363e24189ce.dir
      size: 0
      nfiles: 0
  ingest_metanetx:
    cmd: uv run aichemy ingest metanetx --config configs/default.yaml
    deps:
    - path: configs/default.yaml
      hash: md5
      md5: a61073fe388097782d898a67fb458bde
      size: 358
    - path: data/raw/metanetx
      hash: md5
      md5: d751713988987e9331980363e24189ce.dir
      size: 0
      nfiles: 0
    - path: src/aichemy/preprocessing/sources/metanetx.py
      hash: md5
      md5: 07c30b5149ccab7a33e7f723b512b3a8
      size: 4233
    outs:
    - path: data/interim/metanetx/molecules_raw.parquet
      hash: md5
      md5: 55a9ea96efc00867a16a9fb063cd9292
      size: 835
    - path: data/interim/metanetx/reactions_raw.parquet
      hash: md5
      md5: 7054fc6142e9287fc595e46a41e3f699
      size: 1386
  ingest_uspto:
    cmd: uv run aichemy ingest uspto --config configs/default.yaml
    deps:
    - path: configs/default.yaml
      hash: md5
      md5: a61073fe388097782d898a67fb458bde
      size: 358
    - path: data/raw/uspto
      hash: md5
      md5: d751713988987e9331980363e24189ce.dir
      size: 0
      nfiles: 0
    - path: src/aichemy/preprocessing/sources/uspto.py
      hash: md5
      md5: d41d8cd98f00b204e9800998ecf8427e
      size: 0
    outs:
    - path: data/interim/uspto/reactions_raw.parquet
      hash: md5
      md5: 7054fc6142e9287fc595e46a41e3f699
      size: 1386
  normalize:
    cmd: uv run aichemy normalize --config configs/default.yaml
    deps:
    - path: configs/default.yaml
      hash: md5
      md5: a61073fe388097782d898a67fb458bde
      size: 358
    - path: data/interim/metanetx/molecules_raw.parquet
      hash: md5
      md5: 55a9ea96efc00867a16a9fb063cd9292
      size: 835
    - path: data/interim/metanetx/reactions_raw.parquet
      hash: md5
      md5: 7054fc6142e9287fc595e46a41e3f699
      size: 1386
    - path: data/interim/uspto/reactions_raw.parquet
      hash: md5
      md5: 7054fc6142e9287fc595e46a41e3f699
      size: 1386
    - path: src/aichemy/preprocessing/chem
      hash: md5
      md5: 611639e583984b0919e1c6e887b3ed31.dir
      size: 3043
      nfiles: 5
    - path: src/aichemy/preprocessing/normalize.py
      hash: md5
      md5: 80d2f6715392f83138eb32a0e7460506
      size: 2285
    outs:
    - path: data/interim/normalized/molecules.parquet
      hash: md5
      md5: 55a9ea96efc00867a16a9fb063cd9292
      size: 835
    - path: data/interim/normalized/reactions.parquet
      hash: md5
      md5: 7054fc6142e9287fc595e46a41e3f699
      size: 1386
  dedup_molecules:
    cmd: uv run aichemy dedup molecules --config configs/default.yaml
    deps:
    - path: configs/default.yaml
      hash: md5
      md5: a61073fe388097782d898a67fb458bde
      size: 358
    - path: data/interim/normalized/molecules.parquet
      hash: md5
      md5: 55a9ea96efc00867a16a9fb063cd9292
      size: 835
    - path: src/aichemy/preprocessing/dedup/molecules.py
      hash: md5
      md5: cf6611d4c354bf97c8ecd8dfbe976ad8
      size: 2865
    outs:
    - path: data/interim/deduped/dedup_map.json
      hash: md5
      md5: 8a80554c91d9fca8acb82f023de02f11
      size: 3
    - path: data/interim/deduped/molecules.parquet
      hash: md5
      md5: 55a9ea96efc00867a16a9fb063cd9292
      size: 835
  dedup_reactions:
    cmd: uv run aichemy dedup reactions --config configs/default.yaml
    deps:
    - path: configs/default.yaml
      hash: md5
      md5: a61073fe388097782d898a67fb458bde
      size: 358
    - path: data/interim/deduped/molecules.parquet
      hash: md5
      md5: 55a9ea96efc00867a16a9fb063cd9292
      size: 835
    - path: data/interim/normalized/reactions.parquet
      hash: md5
      md5: 7054fc6142e9287fc595e46a41e3f699
      size: 1386
    - path: src/aichemy/preprocessing/dedup/reactions.py
      hash: md5
      md5: c3a7b6fa23c119f4e52859e56d6e0edf
      size: 3406
    outs:
    - path: data/interim/deduped/reactions.parquet
      hash: md5
      md5: 7054fc6142e9287fc595e46a41e3f699
      size: 1386
  balance_uspto:
    cmd: uv run aichemy balance uspto --config configs/default.yaml
    deps:
    - path: configs/default.yaml
      hash: md5
      md5: a61073fe388097782d898a67fb458bde
      size: 358
    - path: data/interim/deduped/reactions.parquet
      hash: md5
      md5: 7054fc6142e9287fc595e46a41e3f699
      size: 1386
    - path: src/aichemy/preprocessing/balance/syn_rbl.py
      hash: md5
      md5: d41d8cd98f00b204e9800998ecf8427e
      size: 0
    outs:
    - path: data/interim/balanced/reactions.parquet
      hash: md5
      md5: 7054fc6142e9287fc595e46a41e3f699
      size: 1386
  balance_validate:
    cmd: uv run aichemy balance validate --config configs/default.yaml
    deps:
    - path: configs/default.yaml
      hash: md5
      md5: a61073fe388097782d898a67fb458bde
      size: 358
    - path: data/interim/balanced/reactions.parquet
      hash: md5
      md5: 7054fc6142e9287fc595e46a41e3f699
      size: 1386
    - path: src/aichemy/preprocessing/balance/validate.py
      hash: md5
      md5: edb74944b6f4989dd91877e8e5e0b25e
      size: 2906
    outs:
    - path: data/interim/validated/reactions.parquet
      hash: md5
      md5: 7054fc6142e9287fc595e46a41e3f699
      size: 1386
  augment_yields:
    cmd: uv run aichemy augment yields --config configs/default.yaml
    deps:
    - path: configs/default.yaml
      hash: md5
      md5: a61073fe388097782d898a67fb458bde
      size: 358
    - path: data/interim/validated/reactions.parquet
      hash: md5
      md5: 7054fc6142e9287fc595e46a41e3f699
      size: 1386
    - path: src/aichemy/preprocessing/augment/yields.py
      hash: md5
      md5: f134500ac91fb842690435faea07a102
      size: 2405
    outs:
    - path: data/interim/augmented/reactions_yields.parquet
      hash: md5
      md5: 7054fc6142e9287fc595e46a41e3f699
      size: 1386
  augment_prices:
    cmd: uv run aichemy augment prices --config configs/default.yaml
    deps:
    - path: configs/default.yaml
      hash: md5
      md5: a61073fe388097782d898a67fb458bde
      size: 358
    - path: data/interim/deduped/molecules.parquet
      hash: md5
      md5: 55a9ea96efc00867a16a9fb063cd9292
      size: 835
    - path: src/aichemy/preprocessing/augment/prices.py
      hash: md5
      md5: 816d41d5d39a85b4781bcd583bdc7b4c
      size: 15322
    outs:
    - path: data/interim/augmented/molecules_priced.parquet
      hash: md5
      md5: 55a9ea96efc00867a16a9fb063cd9292
      size: 835
  augment_directionality:
    cmd: uv run aichemy augment directionality --config configs/default.yaml
    deps:
    - path: configs/default.yaml
      hash: md5
      md5: a61073fe388097782d898a67fb458bde
      size: 358
    - path: data/interim/augmented/reactions_yields.parquet
      hash: md5
      md5: 7054fc6142e9287fc595e46a41e3f699
      size: 1386
    - path: src/aichemy/preprocessing/augment/directionality.py
      hash: md5
      md5: 3055176a9bdfca6e9a8449c756b0395f
      size: 1864
    outs:
    - path: data/interim/augmented/reactions_full.parquet
      hash: md5
      md5: 7054fc6142e9287fc595e46a41e3f699
      size: 1386
  export:
    cmd: uv run aichemy export --config configs/default.yaml
    deps:
    - path: configs/default.yaml
      hash: md5
      md5: a61073fe388097782d898a67fb458bde
      size: 358
    - path: data/interim/augmented/molecules_priced.parquet
      hash: md5
      md5: 55a9ea96efc00867a16a9fb063cd9292
      size: 835
    - path: data/interim/augmented/reactions_full.parquet
      hash: md5
      md5: 7054fc6142e9287fc595e46a41e3f699
      size: 1386
    - path: src/aichemy/preprocessing/export.py
      hash: md5
      md5: 08ca6f1949a2ea68f484a87640d424bd
      size: 2353
    outs:
    - path: data/processed/hypergraph_manifest.json
      hash: md5
      md5: 17631168f4edd69205b0ed773798aa84
      size: 260
    - path: data/processed/molecules.parquet
      hash: md5
      md5: 55a9ea96efc00867a16a9fb063cd9292
      size: 835
    - path: data/processed/reactions.parquet
      hash: md5
      md5: 7054fc6142e9287fc595e46a41e3f699
      size: 1386
